
Microsoft Visual Studio Solution File, Format Version 12.00
# Visual Studio Version 16
VisualStudioVersion = 16.0.28803.202
MinimumVisualStudioVersion = 10.0.40219.1
Project("{FAE04EC0-301F-11D3-BF4B-00C04F79EFBC}") = "PizzOrBurger", "PizzOrBurger.csproj", "{EFAD529D-85D3-4AFD-947A-A9F78FC6E757}"
EndProject
Global
	GlobalSection(SolutionConfigurationPlatforms) = preSolution
		Debug|Any CPU = Debug|Any CPU
		Release|Any CPU = Release|Any CPU
	EndGlobalSection
	GlobalSection(ProjectConfigurationPlatforms) = postSolution
		{EFAD529D-85D3-4AFD-947A-A9F78FC6E757}.Debug|Any CPU.ActiveCfg = Debug|Any CPU
		{EFAD529D-85D3-4AFD-947A-A9F78FC6E757}.Debug|Any CPU.Build.0 = Debug|Any CPU
		{EFAD529D-85D3-4AFD-947A-A9F78FC6E757}.Release|Any CPU.ActiveCfg = Release|Any CPU
		{EFAD529D-85D3-4AFD-947A-A9F78FC6E757}.Release|Any CPU.Build.0 = Release|Any CPU
	EndGlobalSection
	GlobalSection(SolutionProperties) = preSolution
		HideSolutionNode = FALSE
	EndGlobalSection
	GlobalSection(ExtensibilityGlobals) = postSolution
		SolutionGuid = {CA15FB50-E692-4B35-A0E9-53D8CAEE2689}
	EndGlobalSection
EndGlobal
